
Microsoft Visual Studio Solution File, Format Version 12.00
# Visual Studio Version 17
VisualStudioVersion = 17.3.32929.385
MinimumVisualStudioVersion = 10.0.40219.1
Project("{9A19103F-16F7-4668-BE54-9A1E7A4F7556}") = "Techgen", "Techgen\Techgen.csproj", "{F0A65E80-99F4-42E8-8833-E8B5F6887598}"
EndProject
Project("{9A19103F-16F7-4668-BE54-9A1E7A4F7556}") = "Techgen.Domain", "Techgen.Domain\Techgen.Domain.csproj", "{DA6F0A1D-8835-42D8-B53A-ED663C76FA8D}"
EndProject
Project("{9A19103F-16F7-4668-BE54-9A1E7A4F7556}") = "Techgen.DAL", "Techgen.DAL\Techgen.DAL.csproj", "{D489D451-C2B6-4BBD-80E7-BD48F3C453FF}"
EndProject
Project("{9A19103F-16F7-4668-BE54-9A1E7A4F7556}") = "Techgen.Models", "Techgen.Models\Techgen.Models.csproj", "{E3E56F19-B745-4A32-B5D6-93FDEF160C9C}"
EndProject
Project("{9A19103F-16F7-4668-BE54-9A1E7A4F7556}") = "Techgen.Common", "Techgen.Common\Techgen.Common.csproj", "{E960B409-8E73-4DB2-93F1-321E283DFC0F}"
EndProject
Project("{9A19103F-16F7-4668-BE54-9A1E7A4F7556}") = "Techgen.Services", "Techgen.Services\Techgen.Services.csproj", "{1DC94F54-CB60-4B2C-A896-4E7F9825BE33}"
EndProject
Project("{9A19103F-16F7-4668-BE54-9A1E7A4F7556}") = "Techgen.ResourceLibrary", "Techgen.ResourceLibrary\Techgen.ResourceLibrary.csproj", "{C0519976-DEA5-43F7-B21C-F96D93917E21}"
EndProject
Project("{FAE04EC0-301F-11D3-BF4B-00C04F79EFBC}") = "Techgen.EmailService", "Techgen.EmailService\Techgen.EmailService.csproj", "{2EAE8106-CFAF-45FB-A567-23B2044F1825}"
EndProject
Global
	GlobalSection(SolutionConfigurationPlatforms) = preSolution
		Debug|Any CPU = Debug|Any CPU
		Release|Any CPU = Release|Any CPU
	EndGlobalSection
	GlobalSection(ProjectConfigurationPlatforms) = postSolution
		{F0A65E80-99F4-42E8-8833-E8B5F6887598}.Debug|Any CPU.ActiveCfg = Debug|Any CPU
		{F0A65E80-99F4-42E8-8833-E8B5F6887598}.Debug|Any CPU.Build.0 = Debug|Any CPU
		{F0A65E80-99F4-42E8-8833-E8B5F6887598}.Release|Any CPU.ActiveCfg = Release|Any CPU
		{F0A65E80-99F4-42E8-8833-E8B5F6887598}.Release|Any CPU.Build.0 = Release|Any CPU
		{DA6F0A1D-8835-42D8-B53A-ED663C76FA8D}.Debug|Any CPU.ActiveCfg = Debug|Any CPU
		{DA6F0A1D-8835-42D8-B53A-ED663C76FA8D}.Debug|Any CPU.Build.0 = Debug|Any CPU
		{DA6F0A1D-8835-42D8-B53A-ED663C76FA8D}.Release|Any CPU.ActiveCfg = Release|Any CPU
		{DA6F0A1D-8835-42D8-B53A-ED663C76FA8D}.Release|Any CPU.Build.0 = Release|Any CPU
		{D489D451-C2B6-4BBD-80E7-BD48F3C453FF}.Debug|Any CPU.ActiveCfg = Debug|Any CPU
		{D489D451-C2B6-4BBD-80E7-BD48F3C453FF}.Debug|Any CPU.Build.0 = Debug|Any CPU
		{D489D451-C2B6-4BBD-80E7-BD48F3C453FF}.Release|Any CPU.ActiveCfg = Release|Any CPU
		{D489D451-C2B6-4BBD-80E7-BD48F3C453FF}.Release|Any CPU.Build.0 = Release|Any CPU
		{E3E56F19-B745-4A32-B5D6-93FDEF160C9C}.Debug|Any CPU.ActiveCfg = Debug|Any CPU
		{E3E56F19-B745-4A32-B5D6-93FDEF160C9C}.Debug|Any CPU.Build.0 = Debug|Any CPU
		{E3E56F19-B745-4A32-B5D6-93FDEF160C9C}.Release|Any CPU.ActiveCfg = Release|Any CPU
		{E3E56F19-B745-4A32-B5D6-93FDEF160C9C}.Release|Any CPU.Build.0 = Release|Any CPU
		{E960B409-8E73-4DB2-93F1-321E283DFC0F}.Debug|Any CPU.ActiveCfg = Debug|Any CPU
		{E960B409-8E73-4DB2-93F1-321E283DFC0F}.Debug|Any CPU.Build.0 = Debug|Any CPU
		{E960B409-8E73-4DB2-93F1-321E283DFC0F}.Release|Any CPU.ActiveCfg = Release|Any CPU
		{E960B409-8E73-4DB2-93F1-321E283DFC0F}.Release|Any CPU.Build.0 = Release|Any CPU
		{1DC94F54-CB60-4B2C-A896-4E7F9825BE33}.Debug|Any CPU.ActiveCfg = Debug|Any CPU
		{1DC94F54-CB60-4B2C-A896-4E7F9825BE33}.Debug|Any CPU.Build.0 = Debug|Any CPU
		{1DC94F54-CB60-4B2C-A896-4E7F9825BE33}.Release|Any CPU.ActiveCfg = Release|Any CPU
		{1DC94F54-CB60-4B2C-A896-4E7F9825BE33}.Release|Any CPU.Build.0 = Release|Any CPU
		{C0519976-DEA5-43F7-B21C-F96D93917E21}.Debug|Any CPU.ActiveCfg = Debug|Any CPU
		{C0519976-DEA5-43F7-B21C-F96D93917E21}.Debug|Any CPU.Build.0 = Debug|Any CPU
		{C0519976-DEA5-43F7-B21C-F96D93917E21}.Release|Any CPU.ActiveCfg = Release|Any CPU
		{C0519976-DEA5-43F7-B21C-F96D93917E21}.Release|Any CPU.Build.0 = Release|Any CPU
		{2EAE8106-CFAF-45FB-A567-23B2044F1825}.Debug|Any CPU.ActiveCfg = Debug|Any CPU
		{2EAE8106-CFAF-45FB-A567-23B2044F1825}.Debug|Any CPU.Build.0 = Debug|Any CPU
		{2EAE8106-CFAF-45FB-A567-23B2044F1825}.Release|Any CPU.ActiveCfg = Release|Any CPU
		{2EAE8106-CFAF-45FB-A567-23B2044F1825}.Release|Any CPU.Build.0 = Release|Any CPU
	EndGlobalSection
	GlobalSection(SolutionProperties) = preSolution
		HideSolutionNode = FALSE
	EndGlobalSection
	GlobalSection(ExtensibilityGlobals) = postSolution
		SolutionGuid = {200C1FA2-4444-4131-85C1-31D414C456F8}
	EndGlobalSection
EndGlobal
